
Microsoft Visual Studio Solution File, Format Version 12.00
# Visual Studio Version 17
VisualStudioVersion = 17.10.35013.160
MinimumVisualStudioVersion = 10.0.40219.1
Project("{FAE04EC0-301F-11D3-BF4B-00C04F79EFBC}") = "CountriesAppUsingRouting", "CountriesAppUsingRouting.csproj", "{9B12E49B-0896-4090-9EA2-5C020839B7A7}"
EndProject
Global
	GlobalSection(SolutionConfigurationPlatforms) = preSolution
		Debug|Any CPU = Debug|Any CPU
		Release|Any CPU = Release|Any CPU
	EndGlobalSection
	GlobalSection(ProjectConfigurationPlatforms) = postSolution
		{9B12E49B-0896-4090-9EA2-5C020839B7A7}.Debug|Any CPU.ActiveCfg = Debug|Any CPU
		{9B12E49B-0896-4090-9EA2-5C020839B7A7}.Debug|Any CPU.Build.0 = Debug|Any CPU
		{9B12E49B-0896-4090-9EA2-5C020839B7A7}.Release|Any CPU.ActiveCfg = Release|Any CPU
		{9B12E49B-0896-4090-9EA2-5C020839B7A7}.Release|Any CPU.Build.0 = Release|Any CPU
	EndGlobalSection
	GlobalSection(SolutionProperties) = preSolution
		HideSolutionNode = FALSE
	EndGlobalSection
	GlobalSection(ExtensibilityGlobals) = postSolution
		SolutionGuid = {579F6858-BBC2-4E75-8E89-6CC71FED599D}
	EndGlobalSection
EndGlobal
